{
  "name": "quandl",
  "version": "0.0.6",
  "dependencies": {
    "assert": {
      "version": "1.1.1",
      "from": "https://registry.npmjs.org/assert/-/assert-1.1.1.tgz",
      "resolved": "https://registry.npmjs.org/assert/-/assert-1.1.1.tgz",
      "dependencies": {
        "util": {
          "version": "0.10.2",
          "from": "https://registry.npmjs.org/util/-/util-0.10.2.tgz",
          "resolved": "https://registry.npmjs.org/util/-/util-0.10.2.tgz",
          "dependencies": {
            "inherits": {
              "version": "2.0.1",
              "from": "https://registry.npmjs.org/inherits/-/inherits-2.0.1.tgz",
              "resolved": "https://registry.npmjs.org/inherits/-/inherits-2.0.1.tgz"
            }
          }
        }
      }
    },
    "async": {
      "version": "0.6.2",
      "from": "https://registry.npmjs.org/async/-/async-0.6.2.tgz",
      "resolved": "https://registry.npmjs.org/async/-/async-0.6.2.tgz"
    },
    "lodash": {
      "version": "2.4.1",
      "from": "https://registry.npmjs.org/lodash/-/lodash-2.4.1.tgz",
      "resolved": "https://registry.npmjs.org/lodash/-/lodash-2.4.1.tgz"
    },
    "mocha": {
      "version": "2.2.4",
      "from": "https://registry.npmjs.org/mocha/-/mocha-2.2.4.tgz",
      "resolved": "https://registry.npmjs.org/mocha/-/mocha-2.2.4.tgz",
      "dependencies": {
        "commander": {
          "version": "2.3.0",
          "from": "commander@2.3.0",
          "resolved": "https://registry.npmjs.org/commander/-/commander-2.3.0.tgz"
        },
        "debug": {
          "version": "2.0.0",
          "from": "https://registry.npmjs.org/debug/-/debug-2.0.0.tgz",
          "resolved": "https://registry.npmjs.org/debug/-/debug-2.0.0.tgz",
          "dependencies": {
            "ms": {
              "version": "0.6.2",
              "from": "https://registry.npmjs.org/ms/-/ms-0.6.2.tgz",
              "resolved": "https://registry.npmjs.org/ms/-/ms-0.6.2.tgz"
            }
          }
        },
        "diff": {
          "version": "1.0.8",
          "from": "https://registry.npmjs.org/diff/-/diff-1.0.8.tgz",
          "resolved": "https://registry.npmjs.org/diff/-/diff-1.0.8.tgz"
        },
        "escape-string-regexp": {
          "version": "1.0.2",
          "from": "https://registry.npmjs.org/escape-string-regexp/-/escape-string-regexp-1.0.2.tgz",
          "resolved": "https://registry.npmjs.org/escape-string-regexp/-/escape-string-regexp-1.0.2.tgz"
        },
        "glob": {
          "version": "3.2.3",
          "from": "https://registry.npmjs.org/glob/-/glob-3.2.3.tgz",
          "resolved": "https://registry.npmjs.org/glob/-/glob-3.2.3.tgz",
          "dependencies": {
            "minimatch": {
              "version": "0.2.14",
              "from": "https://registry.npmjs.org/minimatch/-/minimatch-0.2.14.tgz",
              "resolved": "https://registry.npmjs.org/minimatch/-/minimatch-0.2.14.tgz",
              "dependencies": {
                "lru-cache": {
                  "version": "2.6.2",
                  "from": "https://registry.npmjs.org/lru-cache/-/lru-cache-2.6.2.tgz",
                  "resolved": "https://registry.npmjs.org/lru-cache/-/lru-cache-2.6.2.tgz"
                },
                "sigmund": {
                  "version": "1.0.0",
                  "from": "https://registry.npmjs.org/sigmund/-/sigmund-1.0.0.tgz",
                  "resolved": "https://registry.npmjs.org/sigmund/-/sigmund-1.0.0.tgz"
                }
              }
            },
            "graceful-fs": {
              "version": "2.0.3",
              "from": "https://registry.npmjs.org/graceful-fs/-/graceful-fs-2.0.3.tgz",
              "resolved": "https://registry.npmjs.org/graceful-fs/-/graceful-fs-2.0.3.tgz"
            },
            "inherits": {
              "version": "2.0.1",
              "from": "https://registry.npmjs.org/inherits/-/inherits-2.0.1.tgz",
              "resolved": "https://registry.npmjs.org/inherits/-/inherits-2.0.1.tgz"
            }
          }
        },
        "growl": {
          "version": "1.8.1",
          "from": "https://registry.npmjs.org/growl/-/growl-1.8.1.tgz",
          "resolved": "https://registry.npmjs.org/growl/-/growl-1.8.1.tgz"
        },
        "jade": {
          "version": "0.26.3",
          "from": "https://registry.npmjs.org/jade/-/jade-0.26.3.tgz",
          "resolved": "https://registry.npmjs.org/jade/-/jade-0.26.3.tgz",
          "dependencies": {
            "commander": {
              "version": "0.6.1",
              "from": "https://registry.npmjs.org/commander/-/commander-0.6.1.tgz",
              "resolved": "https://registry.npmjs.org/commander/-/commander-0.6.1.tgz"
            },
            "mkdirp": {
              "version": "0.3.0",
              "from": "https://registry.npmjs.org/mkdirp/-/mkdirp-0.3.0.tgz",
              "resolved": "https://registry.npmjs.org/mkdirp/-/mkdirp-0.3.0.tgz"
            }
          }
        },
        "mkdirp": {
          "version": "0.5.0",
          "from": "https://registry.npmjs.org/mkdirp/-/mkdirp-0.5.0.tgz",
          "resolved": "https://registry.npmjs.org/mkdirp/-/mkdirp-0.5.0.tgz",
          "dependencies": {
            "minimist": {
              "version": "0.0.8",
              "from": "https://registry.npmjs.org/minimist/-/minimist-0.0.8.tgz",
              "resolved": "https://registry.npmjs.org/minimist/-/minimist-0.0.8.tgz"
            }
          }
        },
        "supports-color": {
          "version": "1.2.1",
          "from": "https://registry.npmjs.org/supports-color/-/supports-color-1.2.1.tgz",
          "resolved": "https://registry.npmjs.org/supports-color/-/supports-color-1.2.1.tgz"
        }
      }
    },
    "request": {
      "version": "2.34.0",
      "from": "https://registry.npmjs.org/request/-/request-2.34.0.tgz",
      "resolved": "https://registry.npmjs.org/request/-/request-2.34.0.tgz",
      "dependencies": {
        "qs": {
          "version": "0.6.6",
          "from": "https://registry.npmjs.org/qs/-/qs-0.6.6.tgz",
          "resolved": "https://registry.npmjs.org/qs/-/qs-0.6.6.tgz"
        },
        "json-stringify-safe": {
          "version": "5.0.0",
          "from": "https://registry.npmjs.org/json-stringify-safe/-/json-stringify-safe-5.0.0.tgz",
          "resolved": "https://registry.npmjs.org/json-stringify-safe/-/json-stringify-safe-5.0.0.tgz"
        },
        "forever-agent": {
          "version": "0.5.2",
          "from": "https://registry.npmjs.org/forever-agent/-/forever-agent-0.5.2.tgz",
          "resolved": "https://registry.npmjs.org/forever-agent/-/forever-agent-0.5.2.tgz"
        },
        "node-uuid": {
          "version": "1.4.1",
          "from": "https://registry.npmjs.org/node-uuid/-/node-uuid-1.4.1.tgz",
          "resolved": "https://registry.npmjs.org/node-uuid/-/node-uuid-1.4.1.tgz"
        },
        "mime": {
          "version": "1.2.11",
          "from": "https://registry.npmjs.org/mime/-/mime-1.2.11.tgz",
          "resolved": "https://registry.npmjs.org/mime/-/mime-1.2.11.tgz"
        },
        "tough-cookie": {
          "version": "0.12.1",
          "from": "https://registry.npmjs.org/tough-cookie/-/tough-cookie-0.12.1.tgz",
          "resolved": "https://registry.npmjs.org/tough-cookie/-/tough-cookie-0.12.1.tgz",
          "dependencies": {
            "punycode": {
              "version": "1.2.4",
              "from": "https://registry.npmjs.org/punycode/-/punycode-1.2.4.tgz",
              "resolved": "https://registry.npmjs.org/punycode/-/punycode-1.2.4.tgz"
            }
          }
        },
        "form-data": {
          "version": "0.1.2",
          "from": "https://registry.npmjs.org/form-data/-/form-data-0.1.2.tgz",
          "resolved": "https://registry.npmjs.org/form-data/-/form-data-0.1.2.tgz",
          "dependencies": {
            "combined-stream": {
              "version": "0.0.4",
              "from": "https://registry.npmjs.org/combined-stream/-/combined-stream-0.0.4.tgz",
              "resolved": "https://registry.npmjs.org/combined-stream/-/combined-stream-0.0.4.tgz",
              "dependencies": {
                "delayed-stream": {
                  "version": "0.0.5",
                  "from": "https://registry.npmjs.org/delayed-stream/-/delayed-stream-0.0.5.tgz",
                  "resolved": "https://registry.npmjs.org/delayed-stream/-/delayed-stream-0.0.5.tgz"
                }
              }
            },
            "async": {
              "version": "0.2.10",
              "from": "https://registry.npmjs.org/async/-/async-0.2.10.tgz",
              "resolved": "https://registry.npmjs.org/async/-/async-0.2.10.tgz"
            }
          }
        },
        "tunnel-agent": {
          "version": "0.3.0",
          "from": "https://registry.npmjs.org/tunnel-agent/-/tunnel-agent-0.3.0.tgz",
          "resolved": "https://registry.npmjs.org/tunnel-agent/-/tunnel-agent-0.3.0.tgz"
        },
        "http-signature": {
          "version": "0.10.0",
          "from": "https://registry.npmjs.org/http-signature/-/http-signature-0.10.0.tgz",
          "resolved": "https://registry.npmjs.org/http-signature/-/http-signature-0.10.0.tgz",
          "dependencies": {
            "assert-plus": {
              "version": "0.1.2",
              "from": "https://registry.npmjs.org/assert-plus/-/assert-plus-0.1.2.tgz",
              "resolved": "https://registry.npmjs.org/assert-plus/-/assert-plus-0.1.2.tgz"
            },
            "asn1": {
              "version": "0.1.11",
              "from": "https://registry.npmjs.org/asn1/-/asn1-0.1.11.tgz",
              "resolved": "https://registry.npmjs.org/asn1/-/asn1-0.1.11.tgz"
            },
            "ctype": {
              "version": "0.5.2",
              "from": "https://registry.npmjs.org/ctype/-/ctype-0.5.2.tgz",
              "resolved": "https://registry.npmjs.org/ctype/-/ctype-0.5.2.tgz"
            }
          }
        },
        "oauth-sign": {
          "version": "0.3.0",
          "from": "https://registry.npmjs.org/oauth-sign/-/oauth-sign-0.3.0.tgz",
          "resolved": "https://registry.npmjs.org/oauth-sign/-/oauth-sign-0.3.0.tgz"
        },
        "hawk": {
          "version": "1.0.0",
          "from": "https://registry.npmjs.org/hawk/-/hawk-1.0.0.tgz",
          "resolved": "https://registry.npmjs.org/hawk/-/hawk-1.0.0.tgz",
          "dependencies": {
            "hoek": {
              "version": "0.9.1",
              "from": "https://registry.npmjs.org/hoek/-/hoek-0.9.1.tgz",
              "resolved": "https://registry.npmjs.org/hoek/-/hoek-0.9.1.tgz"
            },
            "boom": {
              "version": "0.4.2",
              "from": "https://registry.npmjs.org/boom/-/boom-0.4.2.tgz",
              "resolved": "https://registry.npmjs.org/boom/-/boom-0.4.2.tgz"
            },
            "cryptiles": {
              "version": "0.2.2",
              "from": "https://registry.npmjs.org/cryptiles/-/cryptiles-0.2.2.tgz",
              "resolved": "https://registry.npmjs.org/cryptiles/-/cryptiles-0.2.2.tgz"
            },
            "sntp": {
              "version": "0.2.4",
              "from": "https://registry.npmjs.org/sntp/-/sntp-0.2.4.tgz",
              "resolved": "https://registry.npmjs.org/sntp/-/sntp-0.2.4.tgz"
            }
          }
        },
        "aws-sign2": {
          "version": "0.5.0",
          "from": "https://registry.npmjs.org/aws-sign2/-/aws-sign2-0.5.0.tgz",
          "resolved": "https://registry.npmjs.org/aws-sign2/-/aws-sign2-0.5.0.tgz"
        }
      }
    }
  }
}
